
Microsoft Visual Studio Solution File, Format Version 12.00
# Visual Studio 2013
VisualStudioVersion = 12.0.30723.0
MinimumVisualStudioVersion = 10.0.40219.1
Project("{FAE04EC0-301F-11D3-BF4B-00C04F79EFBC}") = "Receptsamling", "Kokbok\Receptsamling.csproj", "{8E3B7089-ADA3-496F-A67B-173E9F57B59C}"
EndProject
Global
	GlobalSection(SolutionConfigurationPlatforms) = preSolution
		Debug|Any CPU = Debug|Any CPU
		Release|Any CPU = Release|Any CPU
	EndGlobalSection
	GlobalSection(ProjectConfigurationPlatforms) = postSolution
		{8E3B7089-ADA3-496F-A67B-173E9F57B59C}.Debug|Any CPU.ActiveCfg = Debug|Any CPU
		{8E3B7089-ADA3-496F-A67B-173E9F57B59C}.Debug|Any CPU.Build.0 = Debug|Any CPU
		{8E3B7089-ADA3-496F-A67B-173E9F57B59C}.Release|Any CPU.ActiveCfg = Release|Any CPU
		{8E3B7089-ADA3-496F-A67B-173E9F57B59C}.Release|Any CPU.Build.0 = Release|Any CPU
	EndGlobalSection
	GlobalSection(SolutionProperties) = preSolution
		HideSolutionNode = FALSE
	EndGlobalSection
EndGlobal
